
Microsoft Visual Studio Solution File, Format Version 12.00
Project("{FAE04EC0-301F-11D3-BF4B-00C04F79EFBC}") = "Code", "Code\Code.csproj", "{0A82C61D-CD5A-4907-BA70-241930AC5702}"
EndProject
Project("{FAE04EC0-301F-11D3-BF4B-00C04F79EFBC}") = "Tests", "Tests\Tests.csproj", "{D59E0018-1453-445B-BDF6-F280295910A5}"
EndProject
Global
	GlobalSection(SolutionConfigurationPlatforms) = preSolution
		Debug|Any CPU = Debug|Any CPU
		Release|Any CPU = Release|Any CPU
	EndGlobalSection
	GlobalSection(ProjectConfigurationPlatforms) = postSolution
		{0A82C61D-CD5A-4907-BA70-241930AC5702}.Debug|Any CPU.ActiveCfg = Debug|Any CPU
		{0A82C61D-CD5A-4907-BA70-241930AC5702}.Debug|Any CPU.Build.0 = Debug|Any CPU
		{0A82C61D-CD5A-4907-BA70-241930AC5702}.Release|Any CPU.ActiveCfg = Release|Any CPU
		{0A82C61D-CD5A-4907-BA70-241930AC5702}.Release|Any CPU.Build.0 = Release|Any CPU
		{D59E0018-1453-445B-BDF6-F280295910A5}.Debug|Any CPU.ActiveCfg = Debug|Any CPU
		{D59E0018-1453-445B-BDF6-F280295910A5}.Debug|Any CPU.Build.0 = Debug|Any CPU
		{D59E0018-1453-445B-BDF6-F280295910A5}.Release|Any CPU.ActiveCfg = Release|Any CPU
		{D59E0018-1453-445B-BDF6-F280295910A5}.Release|Any CPU.Build.0 = Release|Any CPU
	EndGlobalSection
EndGlobal
